
Microsoft Visual Studio Solution File, Format Version 12.00
# Visual Studio Version 17
VisualStudioVersion = 17.2.32616.157
MinimumVisualStudioVersion = 10.0.40219.1
Project("{9A19103F-16F7-4668-BE54-9A1E7A4F7556}") = "FooTextBox", "FooTextBox\FooTextBox.csproj", "{2758D87E-2F3B-4143-98CC-4A135147E4B7}"
EndProject
Project("{D954291E-2A0B-460D-934E-DC6B0785DB48}") = "Core", "..\Core\Core.shproj", "{C244F4E5-45D2-4C1F-BD2A-A5CC90D9421B}"
EndProject
Project("{9A19103F-16F7-4668-BE54-9A1E7A4F7556}") = "Test", "Test\Test.csproj", "{356606D0-260F-4FBF-B1C2-229872F3C1E3}"
EndProject
Project("{FAE04EC0-301F-11D3-BF4B-00C04F79EFBC}") = "List", "..\FooList\List\FooProject.Collection.csproj", "{5F13D914-C1CA-44FA-A5F5-F3E36D0E52E9}"
EndProject
Global
	GlobalSection(SolutionConfigurationPlatforms) = preSolution
		Debug|Any CPU = Debug|Any CPU
		Debug|arm64 = Debug|arm64
		Debug|x64 = Debug|x64
		Debug|x86 = Debug|x86
		Release|Any CPU = Release|Any CPU
		Release|arm64 = Release|arm64
		Release|x64 = Release|x64
		Release|x86 = Release|x86
	EndGlobalSection
	GlobalSection(ProjectConfigurationPlatforms) = postSolution
		{2758D87E-2F3B-4143-98CC-4A135147E4B7}.Debug|Any CPU.ActiveCfg = Debug|Any CPU
		{2758D87E-2F3B-4143-98CC-4A135147E4B7}.Debug|Any CPU.Build.0 = Debug|Any CPU
		{2758D87E-2F3B-4143-98CC-4A135147E4B7}.Debug|arm64.ActiveCfg = Debug|Any CPU
		{2758D87E-2F3B-4143-98CC-4A135147E4B7}.Debug|arm64.Build.0 = Debug|Any CPU
		{2758D87E-2F3B-4143-98CC-4A135147E4B7}.Debug|x64.ActiveCfg = Debug|Any CPU
		{2758D87E-2F3B-4143-98CC-4A135147E4B7}.Debug|x64.Build.0 = Debug|Any CPU
		{2758D87E-2F3B-4143-98CC-4A135147E4B7}.Debug|x86.ActiveCfg = Debug|Any CPU
		{2758D87E-2F3B-4143-98CC-4A135147E4B7}.Debug|x86.Build.0 = Debug|Any CPU
		{2758D87E-2F3B-4143-98CC-4A135147E4B7}.Release|Any CPU.ActiveCfg = Release|Any CPU
		{2758D87E-2F3B-4143-98CC-4A135147E4B7}.Release|Any CPU.Build.0 = Release|Any CPU
		{2758D87E-2F3B-4143-98CC-4A135147E4B7}.Release|arm64.ActiveCfg = Release|Any CPU
		{2758D87E-2F3B-4143-98CC-4A135147E4B7}.Release|arm64.Build.0 = Release|Any CPU
		{2758D87E-2F3B-4143-98CC-4A135147E4B7}.Release|x64.ActiveCfg = Release|Any CPU
		{2758D87E-2F3B-4143-98CC-4A135147E4B7}.Release|x64.Build.0 = Release|Any CPU
		{2758D87E-2F3B-4143-98CC-4A135147E4B7}.Release|x86.ActiveCfg = Release|Any CPU
		{2758D87E-2F3B-4143-98CC-4A135147E4B7}.Release|x86.Build.0 = Release|Any CPU
		{356606D0-260F-4FBF-B1C2-229872F3C1E3}.Debug|Any CPU.ActiveCfg = Debug|x64
		{356606D0-260F-4FBF-B1C2-229872F3C1E3}.Debug|Any CPU.Build.0 = Debug|x64
		{356606D0-260F-4FBF-B1C2-229872F3C1E3}.Debug|Any CPU.Deploy.0 = Debug|x64
		{356606D0-260F-4FBF-B1C2-229872F3C1E3}.Debug|arm64.ActiveCfg = Debug|arm64
		{356606D0-260F-4FBF-B1C2-229872F3C1E3}.Debug|arm64.Build.0 = Debug|arm64
		{356606D0-260F-4FBF-B1C2-229872F3C1E3}.Debug|arm64.Deploy.0 = Debug|arm64
		{356606D0-260F-4FBF-B1C2-229872F3C1E3}.Debug|x64.ActiveCfg = Debug|x64
		{356606D0-260F-4FBF-B1C2-229872F3C1E3}.Debug|x64.Build.0 = Debug|x64
		{356606D0-260F-4FBF-B1C2-229872F3C1E3}.Debug|x64.Deploy.0 = Debug|x64
		{356606D0-260F-4FBF-B1C2-229872F3C1E3}.Debug|x86.ActiveCfg = Debug|x86
		{356606D0-260F-4FBF-B1C2-229872F3C1E3}.Debug|x86.Build.0 = Debug|x86
		{356606D0-260F-4FBF-B1C2-229872F3C1E3}.Debug|x86.Deploy.0 = Debug|x86
		{356606D0-260F-4FBF-B1C2-229872F3C1E3}.Release|Any CPU.ActiveCfg = Release|x64
		{356606D0-260F-4FBF-B1C2-229872F3C1E3}.Release|Any CPU.Build.0 = Release|x64
		{356606D0-260F-4FBF-B1C2-229872F3C1E3}.Release|Any CPU.Deploy.0 = Release|x64
		{356606D0-260F-4FBF-B1C2-229872F3C1E3}.Release|arm64.ActiveCfg = Release|arm64
		{356606D0-260F-4FBF-B1C2-229872F3C1E3}.Release|arm64.Build.0 = Release|arm64
		{356606D0-260F-4FBF-B1C2-229872F3C1E3}.Release|arm64.Deploy.0 = Release|arm64
		{356606D0-260F-4FBF-B1C2-229872F3C1E3}.Release|x64.ActiveCfg = Release|x64
		{356606D0-260F-4FBF-B1C2-229872F3C1E3}.Release|x64.Build.0 = Release|x64
		{356606D0-260F-4FBF-B1C2-229872F3C1E3}.Release|x64.Deploy.0 = Release|x64
		{356606D0-260F-4FBF-B1C2-229872F3C1E3}.Release|x86.ActiveCfg = Release|x86
		{356606D0-260F-4FBF-B1C2-229872F3C1E3}.Release|x86.Build.0 = Release|x86
		{356606D0-260F-4FBF-B1C2-229872F3C1E3}.Release|x86.Deploy.0 = Release|x86
		{5F13D914-C1CA-44FA-A5F5-F3E36D0E52E9}.Debug|Any CPU.ActiveCfg = Debug|Any CPU
		{5F13D914-C1CA-44FA-A5F5-F3E36D0E52E9}.Debug|Any CPU.Build.0 = Debug|Any CPU
		{5F13D914-C1CA-44FA-A5F5-F3E36D0E52E9}.Debug|arm64.ActiveCfg = Debug|Any CPU
		{5F13D914-C1CA-44FA-A5F5-F3E36D0E52E9}.Debug|arm64.Build.0 = Debug|Any CPU
		{5F13D914-C1CA-44FA-A5F5-F3E36D0E52E9}.Debug|x64.ActiveCfg = Debug|Any CPU
		{5F13D914-C1CA-44FA-A5F5-F3E36D0E52E9}.Debug|x64.Build.0 = Debug|Any CPU
		{5F13D914-C1CA-44FA-A5F5-F3E36D0E52E9}.Debug|x86.ActiveCfg = Debug|Any CPU
		{5F13D914-C1CA-44FA-A5F5-F3E36D0E52E9}.Debug|x86.Build.0 = Debug|Any CPU
		{5F13D914-C1CA-44FA-A5F5-F3E36D0E52E9}.Release|Any CPU.ActiveCfg = Release|Any CPU
		{5F13D914-C1CA-44FA-A5F5-F3E36D0E52E9}.Release|Any CPU.Build.0 = Release|Any CPU
		{5F13D914-C1CA-44FA-A5F5-F3E36D0E52E9}.Release|arm64.ActiveCfg = Release|Any CPU
		{5F13D914-C1CA-44FA-A5F5-F3E36D0E52E9}.Release|arm64.Build.0 = Release|Any CPU
		{5F13D914-C1CA-44FA-A5F5-F3E36D0E52E9}.Release|x64.ActiveCfg = Release|Any CPU
		{5F13D914-C1CA-44FA-A5F5-F3E36D0E52E9}.Release|x64.Build.0 = Release|Any CPU
		{5F13D914-C1CA-44FA-A5F5-F3E36D0E52E9}.Release|x86.ActiveCfg = Release|Any CPU
		{5F13D914-C1CA-44FA-A5F5-F3E36D0E52E9}.Release|x86.Build.0 = Release|Any CPU
	EndGlobalSection
	GlobalSection(SolutionProperties) = preSolution
		HideSolutionNode = FALSE
	EndGlobalSection
	GlobalSection(ExtensibilityGlobals) = postSolution
		SolutionGuid = {8A168E06-4E2B-475E-BEC9-4C18C31A3A9E}
	EndGlobalSection
	GlobalSection(SharedMSBuildProjectFiles) = preSolution
		..\Core\Core.projitems*{2758d87e-2f3b-4143-98cc-4a135147e4b7}*SharedItemsImports = 5
		..\Core\Core.projitems*{c244f4e5-45d2-4c1f-bd2a-a5cc90d9421b}*SharedItemsImports = 13
	EndGlobalSection
EndGlobal
